// !$*UTF8*$!
{
	archiveVersion = 1;
	classes = {
	};
	objectVersion = 56;
	objects = {

/* Begin PBXBuildFile section */
		D24024FC2AF256F200C63E4B /* HealthRecordBookApp.swift in Sources */ = {isa = PBXBuildFile; fileRef = D24024FB2AF256F200C63E4B /* HealthRecordBookApp.swift */; };
		D24024FE2AF256F200C63E4B /* ContentView.swift in Sources */ = {isa = PBXBuildFile; fileRef = D24024FD2AF256F200C63E4B /* ContentView.swift */; };
		D24025002AF256F400C63E4B /* Assets.xcassets in Resources */ = {isa = PBXBuildFile; fileRef = D24024FF2AF256F400C63E4B /* Assets.xcassets */; };
		D24025032AF256F400C63E4B /* Preview Assets.xcassets in Resources */ = {isa = PBXBuildFile; fileRef = D24025022AF256F400C63E4B /* Preview Assets.xcassets */; };
		D240250A2AF2586B00C63E4B /* GoogleService-Info.plist in Resources */ = {isa = PBXBuildFile; fileRef = D24025092AF2586B00C63E4B /* GoogleService-Info.plist */; };
		D240250D2AF25A8900C63E4B /* FirebaseAuth in Frameworks */ = {isa = PBXBuildFile; productRef = D240250C2AF25A8900C63E4B /* FirebaseAuth */; };
		D240250F2AF25A8900C63E4B /* FirebaseFirestore in Frameworks */ = {isa = PBXBuildFile; productRef = D240250E2AF25A8900C63E4B /* FirebaseFirestore */; };
		D24025152AF266A400C63E4B /* HomeView.swift in Sources */ = {isa = PBXBuildFile; fileRef = D24025142AF266A400C63E4B /* HomeView.swift */; };
		D24025172AF266B300C63E4B /* LoginView.swift in Sources */ = {isa = PBXBuildFile; fileRef = D24025162AF266B300C63E4B /* LoginView.swift */; };
		D24025192AF266BD00C63E4B /* RegistrationView.swift in Sources */ = {isa = PBXBuildFile; fileRef = D24025182AF266BD00C63E4B /* RegistrationView.swift */; };
		D240251B2AF266D700C63E4B /* UserDTO.swift in Sources */ = {isa = PBXBuildFile; fileRef = D240251A2AF266D700C63E4B /* UserDTO.swift */; };
		D240251D2AF268A100C63E4B /* HomeScreenButton.swift in Sources */ = {isa = PBXBuildFile; fileRef = D240251C2AF268A100C63E4B /* HomeScreenButton.swift */; };
		D24025202AF268E600C63E4B /* HomeViewModel.swift in Sources */ = {isa = PBXBuildFile; fileRef = D240251F2AF268E600C63E4B /* HomeViewModel.swift */; };
		D24025222AF2694700C63E4B /* TestView.swift in Sources */ = {isa = PBXBuildFile; fileRef = D24025212AF2694700C63E4B /* TestView.swift */; };
		D24025252AF2B51700C63E4B /* FirebaseFirestoreSwift in Frameworks */ = {isa = PBXBuildFile; productRef = D24025242AF2B51700C63E4B /* FirebaseFirestoreSwift */; };
		D24025282AF2B73C00C63E4B /* UserProfileView.swift in Sources */ = {isa = PBXBuildFile; fileRef = D24025272AF2B73C00C63E4B /* UserProfileView.swift */; };
		D240252A2AF2B75600C63E4B /* UserProfileViewModel.swift in Sources */ = {isa = PBXBuildFile; fileRef = D24025292AF2B75600C63E4B /* UserProfileViewModel.swift */; };
		D240252D2AF2B94A00C63E4B /* AuthenticationService.swift in Sources */ = {isa = PBXBuildFile; fileRef = D240252C2AF2B94A00C63E4B /* AuthenticationService.swift */; };
		D240252F2AF2B97100C63E4B /* AuthDataResultModel.swift in Sources */ = {isa = PBXBuildFile; fileRef = D240252E2AF2B97100C63E4B /* AuthDataResultModel.swift */; };
		D24025312AF2C01100C63E4B /* UserService.swift in Sources */ = {isa = PBXBuildFile; fileRef = D24025302AF2C01100C63E4B /* UserService.swift */; };
		D24025352AF452B200C63E4B /* MedicalVisit.swift in Sources */ = {isa = PBXBuildFile; fileRef = D24025342AF452B200C63E4B /* MedicalVisit.swift */; };
		D24025372AF452E500C63E4B /* MedicalExam.swift in Sources */ = {isa = PBXBuildFile; fileRef = D24025362AF452E500C63E4B /* MedicalExam.swift */; };
		D24025392AF452F900C63E4B /* Vaccination.swift in Sources */ = {isa = PBXBuildFile; fileRef = D24025382AF452F900C63E4B /* Vaccination.swift */; };
		D240253B2AF4531900C63E4B /* Appointment.swift in Sources */ = {isa = PBXBuildFile; fileRef = D240253A2AF4531900C63E4B /* Appointment.swift */; };
		D240253D2AF4533000C63E4B /* MedicalNote.swift in Sources */ = {isa = PBXBuildFile; fileRef = D240253C2AF4533000C63E4B /* MedicalNote.swift */; };
		D24025412AF65B3D00C63E4B /* UserProfileEditView.swift in Sources */ = {isa = PBXBuildFile; fileRef = D24025402AF65B3D00C63E4B /* UserProfileEditView.swift */; };
		D24025442AF6DC2500C63E4B /* MedicalExamService.swift in Sources */ = {isa = PBXBuildFile; fileRef = D24025432AF6DC2500C63E4B /* MedicalExamService.swift */; };
		D24025472AF6DFA000C63E4B /* SessionManager.swift in Sources */ = {isa = PBXBuildFile; fileRef = D24025462AF6DFA000C63E4B /* SessionManager.swift */; };
		D240254A2AF6E27100C63E4B /* MedicalExamListView.swift in Sources */ = {isa = PBXBuildFile; fileRef = D24025492AF6E27100C63E4B /* MedicalExamListView.swift */; };
		D240254C2AF6E37900C63E4B /* MedicalExamAddView.swift in Sources */ = {isa = PBXBuildFile; fileRef = D240254B2AF6E37900C63E4B /* MedicalExamAddView.swift */; };
		D240254E2AF6E9A400C63E4B /* MedicalExamViewModel.swift in Sources */ = {isa = PBXBuildFile; fileRef = D240254D2AF6E9A400C63E4B /* MedicalExamViewModel.swift */; };
		D24025502AF6E9F900C63E4B /* MedicalExamTileView.swift in Sources */ = {isa = PBXBuildFile; fileRef = D240254F2AF6E9F900C63E4B /* MedicalExamTileView.swift */; };
		D24025522AF6EA2300C63E4B /* MedicalExamDetailView.swift in Sources */ = {isa = PBXBuildFile; fileRef = D24025512AF6EA2300C63E4B /* MedicalExamDetailView.swift */; };
/* End PBXBuildFile section */

/* Begin PBXFileReference section */
		D24024F82AF256F200C63E4B /* HealthRecordBook.app */ = {isa = PBXFileReference; explicitFileType = wrapper.application; includeInIndex = 0; path = HealthRecordBook.app; sourceTree = BUILT_PRODUCTS_DIR; };
		D24024FB2AF256F200C63E4B /* HealthRecordBookApp.swift */ = {isa = PBXFileReference; lastKnownFileType = sourcecode.swift; path = HealthRecordBookApp.swift; sourceTree = "<group>"; };
		D24024FD2AF256F200C63E4B /* ContentView.swift */ = {isa = PBXFileReference; lastKnownFileType = sourcecode.swift; path = ContentView.swift; sourceTree = "<group>"; };
		D24024FF2AF256F400C63E4B /* Assets.xcassets */ = {isa = PBXFileReference; lastKnownFileType = folder.assetcatalog; path = Assets.xcassets; sourceTree = "<group>"; };
		D24025022AF256F400C63E4B /* Preview Assets.xcassets */ = {isa = PBXFileReference; lastKnownFileType = folder.assetcatalog; path = "Preview Assets.xcassets"; sourceTree = "<group>"; };
		D24025092AF2586B00C63E4B /* GoogleService-Info.plist */ = {isa = PBXFileReference; fileEncoding = 4; lastKnownFileType = text.plist.xml; path = "GoogleService-Info.plist"; sourceTree = "<group>"; };
		D24025142AF266A400C63E4B /* HomeView.swift */ = {isa = PBXFileReference; lastKnownFileType = sourcecode.swift; path = HomeView.swift; sourceTree = "<group>"; };
		D24025162AF266B300C63E4B /* LoginView.swift */ = {isa = PBXFileReference; lastKnownFileType = sourcecode.swift; path = LoginView.swift; sourceTree = "<group>"; };
		D24025182AF266BD00C63E4B /* RegistrationView.swift */ = {isa = PBXFileReference; lastKnownFileType = sourcecode.swift; path = RegistrationView.swift; sourceTree = "<group>"; };
		D240251A2AF266D700C63E4B /* UserDTO.swift */ = {isa = PBXFileReference; lastKnownFileType = sourcecode.swift; path = UserDTO.swift; sourceTree = "<group>"; };
		D240251C2AF268A100C63E4B /* HomeScreenButton.swift */ = {isa = PBXFileReference; lastKnownFileType = sourcecode.swift; path = HomeScreenButton.swift; sourceTree = "<group>"; };
		D240251F2AF268E600C63E4B /* HomeViewModel.swift */ = {isa = PBXFileReference; lastKnownFileType = sourcecode.swift; path = HomeViewModel.swift; sourceTree = "<group>"; };
		D24025212AF2694700C63E4B /* TestView.swift */ = {isa = PBXFileReference; lastKnownFileType = sourcecode.swift; path = TestView.swift; sourceTree = "<group>"; };
		D24025272AF2B73C00C63E4B /* UserProfileView.swift */ = {isa = PBXFileReference; lastKnownFileType = sourcecode.swift; path = UserProfileView.swift; sourceTree = "<group>"; };
		D24025292AF2B75600C63E4B /* UserProfileViewModel.swift */ = {isa = PBXFileReference; lastKnownFileType = sourcecode.swift; path = UserProfileViewModel.swift; sourceTree = "<group>"; };
		D240252C2AF2B94A00C63E4B /* AuthenticationService.swift */ = {isa = PBXFileReference; lastKnownFileType = sourcecode.swift; path = AuthenticationService.swift; sourceTree = "<group>"; };
		D240252E2AF2B97100C63E4B /* AuthDataResultModel.swift */ = {isa = PBXFileReference; lastKnownFileType = sourcecode.swift; path = AuthDataResultModel.swift; sourceTree = "<group>"; };
		D24025302AF2C01100C63E4B /* UserService.swift */ = {isa = PBXFileReference; lastKnownFileType = sourcecode.swift; path = UserService.swift; sourceTree = "<group>"; };
		D24025342AF452B200C63E4B /* MedicalVisit.swift */ = {isa = PBXFileReference; lastKnownFileType = sourcecode.swift; path = MedicalVisit.swift; sourceTree = "<group>"; };
		D24025362AF452E500C63E4B /* MedicalExam.swift */ = {isa = PBXFileReference; lastKnownFileType = sourcecode.swift; path = MedicalExam.swift; sourceTree = "<group>"; };
		D24025382AF452F900C63E4B /* Vaccination.swift */ = {isa = PBXFileReference; lastKnownFileType = sourcecode.swift; path = Vaccination.swift; sourceTree = "<group>"; };
		D240253A2AF4531900C63E4B /* Appointment.swift */ = {isa = PBXFileReference; lastKnownFileType = sourcecode.swift; path = Appointment.swift; sourceTree = "<group>"; };
		D240253C2AF4533000C63E4B /* MedicalNote.swift */ = {isa = PBXFileReference; lastKnownFileType = sourcecode.swift; path = MedicalNote.swift; sourceTree = "<group>"; };
		D24025402AF65B3D00C63E4B /* UserProfileEditView.swift */ = {isa = PBXFileReference; lastKnownFileType = sourcecode.swift; path = UserProfileEditView.swift; sourceTree = "<group>"; };
		D24025432AF6DC2500C63E4B /* MedicalExamService.swift */ = {isa = PBXFileReference; lastKnownFileType = sourcecode.swift; path = MedicalExamService.swift; sourceTree = "<group>"; };
		D24025462AF6DFA000C63E4B /* SessionManager.swift */ = {isa = PBXFileReference; lastKnownFileType = sourcecode.swift; path = SessionManager.swift; sourceTree = "<group>"; };
		D24025492AF6E27100C63E4B /* MedicalExamListView.swift */ = {isa = PBXFileReference; lastKnownFileType = sourcecode.swift; path = MedicalExamListView.swift; sourceTree = "<group>"; };
		D240254B2AF6E37900C63E4B /* MedicalExamAddView.swift */ = {isa = PBXFileReference; lastKnownFileType = sourcecode.swift; path = MedicalExamAddView.swift; sourceTree = "<group>"; };
		D240254D2AF6E9A400C63E4B /* MedicalExamViewModel.swift */ = {isa = PBXFileReference; lastKnownFileType = sourcecode.swift; path = MedicalExamViewModel.swift; sourceTree = "<group>"; };
		D240254F2AF6E9F900C63E4B /* MedicalExamTileView.swift */ = {isa = PBXFileReference; lastKnownFileType = sourcecode.swift; path = MedicalExamTileView.swift; sourceTree = "<group>"; };
		D24025512AF6EA2300C63E4B /* MedicalExamDetailView.swift */ = {isa = PBXFileReference; lastKnownFileType = sourcecode.swift; path = MedicalExamDetailView.swift; sourceTree = "<group>"; };
/* End PBXFileReference section */

/* Begin PBXFrameworksBuildPhase section */
		D24024F52AF256F200C63E4B /* Frameworks */ = {
			isa = PBXFrameworksBuildPhase;
			buildActionMask = 2147483647;
			files = (
				D240250D2AF25A8900C63E4B /* FirebaseAuth in Frameworks */,
				D240250F2AF25A8900C63E4B /* FirebaseFirestore in Frameworks */,
				D24025252AF2B51700C63E4B /* FirebaseFirestoreSwift in Frameworks */,
			);
			runOnlyForDeploymentPostprocessing = 0;
		};
/* End PBXFrameworksBuildPhase section */

/* Begin PBXGroup section */
		D24024EF2AF256F200C63E4B = {
			isa = PBXGroup;
			children = (
				D24024FA2AF256F200C63E4B /* HealthRecordBook */,
				D24024F92AF256F200C63E4B /* Products */,
				D24025232AF2B51700C63E4B /* Frameworks */,
			);
			sourceTree = "<group>";
		};
		D24024F92AF256F200C63E4B /* Products */ = {
			isa = PBXGroup;
			children = (
				D24024F82AF256F200C63E4B /* HealthRecordBook.app */,
			);
			name = Products;
			sourceTree = "<group>";
		};
		D24024FA2AF256F200C63E4B /* HealthRecordBook */ = {
			isa = PBXGroup;
			children = (
				D24025452AF6DF9000C63E4B /* Helpers */,
				D240252B2AF2B92E00C63E4B /* Services */,
				D240251E2AF268D300C63E4B /* ViewModels */,
				D24025122AF2665100C63E4B /* Models */,
				D24025112AF2664800C63E4B /* Views */,
				D24024FB2AF256F200C63E4B /* HealthRecordBookApp.swift */,
				D24024FD2AF256F200C63E4B /* ContentView.swift */,
				D24025092AF2586B00C63E4B /* GoogleService-Info.plist */,
				D24024FF2AF256F400C63E4B /* Assets.xcassets */,
				D24025012AF256F400C63E4B /* Preview Content */,
			);
			path = HealthRecordBook;
			sourceTree = "<group>";
		};
		D24025012AF256F400C63E4B /* Preview Content */ = {
			isa = PBXGroup;
			children = (
				D24025022AF256F400C63E4B /* Preview Assets.xcassets */,
			);
			path = "Preview Content";
			sourceTree = "<group>";
		};
		D24025112AF2664800C63E4B /* Views */ = {
			isa = PBXGroup;
			children = (
				D24025482AF6E25A00C63E4B /* MedicalExam */,
				D24025422AF6D06500C63E4B /* Auth */,
				D24025262AF2B72800C63E4B /* User */,
				D24025132AF2669800C63E4B /* Home */,
			);
			path = Views;
			sourceTree = "<group>";
		};
		D24025122AF2665100C63E4B /* Models */ = {
			isa = PBXGroup;
			children = (
				D240251A2AF266D700C63E4B /* UserDTO.swift */,
				D240252E2AF2B97100C63E4B /* AuthDataResultModel.swift */,
				D24025342AF452B200C63E4B /* MedicalVisit.swift */,
				D24025362AF452E500C63E4B /* MedicalExam.swift */,
				D24025382AF452F900C63E4B /* Vaccination.swift */,
				D240253A2AF4531900C63E4B /* Appointment.swift */,
				D240253C2AF4533000C63E4B /* MedicalNote.swift */,
			);
			path = Models;
			sourceTree = "<group>";
		};
		D24025132AF2669800C63E4B /* Home */ = {
			isa = PBXGroup;
			children = (
				D24025142AF266A400C63E4B /* HomeView.swift */,
				D240251C2AF268A100C63E4B /* HomeScreenButton.swift */,
				D24025212AF2694700C63E4B /* TestView.swift */,
			);
			path = Home;
			sourceTree = "<group>";
		};
		D240251E2AF268D300C63E4B /* ViewModels */ = {
			isa = PBXGroup;
			children = (
				D240251F2AF268E600C63E4B /* HomeViewModel.swift */,
				D24025292AF2B75600C63E4B /* UserProfileViewModel.swift */,
				D240254D2AF6E9A400C63E4B /* MedicalExamViewModel.swift */,
			);
			path = ViewModels;
			sourceTree = "<group>";
		};
		D24025232AF2B51700C63E4B /* Frameworks */ = {
			isa = PBXGroup;
			children = (
			);
			name = Frameworks;
			sourceTree = "<group>";
		};
		D24025262AF2B72800C63E4B /* User */ = {
			isa = PBXGroup;
			children = (
				D24025272AF2B73C00C63E4B /* UserProfileView.swift */,
				D24025402AF65B3D00C63E4B /* UserProfileEditView.swift */,
			);
			path = User;
			sourceTree = "<group>";
		};
		D240252B2AF2B92E00C63E4B /* Services */ = {
			isa = PBXGroup;
			children = (
				D240252C2AF2B94A00C63E4B /* AuthenticationService.swift */,
				D24025302AF2C01100C63E4B /* UserService.swift */,
				D24025432AF6DC2500C63E4B /* MedicalExamService.swift */,
			);
			path = Services;
			sourceTree = "<group>";
		};
		D24025422AF6D06500C63E4B /* Auth */ = {
			isa = PBXGroup;
			children = (
				D24025162AF266B300C63E4B /* LoginView.swift */,
				D24025182AF266BD00C63E4B /* RegistrationView.swift */,
			);
			path = Auth;
			sourceTree = "<group>";
		};
		D24025452AF6DF9000C63E4B /* Helpers */ = {
			isa = PBXGroup;
			children = (
				D24025462AF6DFA000C63E4B /* SessionManager.swift */,
			);
			path = Helpers;
			sourceTree = "<group>";
		};
		D24025482AF6E25A00C63E4B /* MedicalExam */ = {
			isa = PBXGroup;
			children = (
				D24025492AF6E27100C63E4B /* MedicalExamListView.swift */,
				D240254B2AF6E37900C63E4B /* MedicalExamAddView.swift */,
				D240254F2AF6E9F900C63E4B /* MedicalExamTileView.swift */,
				D24025512AF6EA2300C63E4B /* MedicalExamDetailView.swift */,
			);
			path = MedicalExam;
			sourceTree = "<group>";
		};
/* End PBXGroup section */

/* Begin PBXNativeTarget section */
		D24024F72AF256F200C63E4B /* HealthRecordBook */ = {
			isa = PBXNativeTarget;
			buildConfigurationList = D24025062AF256F400C63E4B /* Build configuration list for PBXNativeTarget "HealthRecordBook" */;
			buildPhases = (
				D24024F42AF256F200C63E4B /* Sources */,
				D24024F52AF256F200C63E4B /* Frameworks */,
				D24024F62AF256F200C63E4B /* Resources */,
			);
			buildRules = (
			);
			dependencies = (
			);
			name = HealthRecordBook;
			packageProductDependencies = (
				D240250C2AF25A8900C63E4B /* FirebaseAuth */,
				D240250E2AF25A8900C63E4B /* FirebaseFirestore */,
				D24025242AF2B51700C63E4B /* FirebaseFirestoreSwift */,
			);
			productName = HealthRecordBook;
			productReference = D24024F82AF256F200C63E4B /* HealthRecordBook.app */;
			productType = "com.apple.product-type.application";
		};
/* End PBXNativeTarget section */

/* Begin PBXProject section */
		D24024F02AF256F200C63E4B /* Project object */ = {
			isa = PBXProject;
			attributes = {
				BuildIndependentTargetsInParallel = 1;
				LastSwiftUpdateCheck = 1420;
				LastUpgradeCheck = 1420;
				TargetAttributes = {
					D24024F72AF256F200C63E4B = {
						CreatedOnToolsVersion = 14.2;
					};
				};
			};
			buildConfigurationList = D24024F32AF256F200C63E4B /* Build configuration list for PBXProject "HealthRecordBook" */;
			compatibilityVersion = "Xcode 14.0";
			developmentRegion = en;
			hasScannedForEncodings = 0;
			knownRegions = (
				en,
				Base,
			);
			mainGroup = D24024EF2AF256F200C63E4B;
			packageReferences = (
				D240250B2AF25A8900C63E4B /* XCRemoteSwiftPackageReference "firebase-ios-sdk" */,
			);
			productRefGroup = D24024F92AF256F200C63E4B /* Products */;
			projectDirPath = "";
			projectRoot = "";
			targets = (
				D24024F72AF256F200C63E4B /* HealthRecordBook */,
			);
		};
/* End PBXProject section */

/* Begin PBXResourcesBuildPhase section */
		D24024F62AF256F200C63E4B /* Resources */ = {
			isa = PBXResourcesBuildPhase;
			buildActionMask = 2147483647;
			files = (
				D24025032AF256F400C63E4B /* Preview Assets.xcassets in Resources */,
				D24025002AF256F400C63E4B /* Assets.xcassets in Resources */,
				D240250A2AF2586B00C63E4B /* GoogleService-Info.plist in Resources */,
			);
			runOnlyForDeploymentPostprocessing = 0;
		};
/* End PBXResourcesBuildPhase section */

/* Begin PBXSourcesBuildPhase section */
		D24024F42AF256F200C63E4B /* Sources */ = {
			isa = PBXSourcesBuildPhase;
			buildActionMask = 2147483647;
			files = (
				D24025152AF266A400C63E4B /* HomeView.swift in Sources */,
				D24024FE2AF256F200C63E4B /* ContentView.swift in Sources */,
				D24025312AF2C01100C63E4B /* UserService.swift in Sources */,
				D240251B2AF266D700C63E4B /* UserDTO.swift in Sources */,
				D240252F2AF2B97100C63E4B /* AuthDataResultModel.swift in Sources */,
				D24025202AF268E600C63E4B /* HomeViewModel.swift in Sources */,
				D24025172AF266B300C63E4B /* LoginView.swift in Sources */,
				D24025392AF452F900C63E4B /* Vaccination.swift in Sources */,
				D240254E2AF6E9A400C63E4B /* MedicalExamViewModel.swift in Sources */,
				D240252A2AF2B75600C63E4B /* UserProfileViewModel.swift in Sources */,
				D24025282AF2B73C00C63E4B /* UserProfileView.swift in Sources */,
				D24025472AF6DFA000C63E4B /* SessionManager.swift in Sources */,
				D240253B2AF4531900C63E4B /* Appointment.swift in Sources */,
				D240251D2AF268A100C63E4B /* HomeScreenButton.swift in Sources */,
				D24025222AF2694700C63E4B /* TestView.swift in Sources */,
				D24025442AF6DC2500C63E4B /* MedicalExamService.swift in Sources */,
				D240253D2AF4533000C63E4B /* MedicalNote.swift in Sources */,
				D24025502AF6E9F900C63E4B /* MedicalExamTileView.swift in Sources */,
				D240254A2AF6E27100C63E4B /* MedicalExamListView.swift in Sources */,
				D24025522AF6EA2300C63E4B /* MedicalExamDetailView.swift in Sources */,
				D240254C2AF6E37900C63E4B /* MedicalExamAddView.swift in Sources */,
				D24025352AF452B200C63E4B /* MedicalVisit.swift in Sources */,
				D24025372AF452E500C63E4B /* MedicalExam.swift in Sources */,
				D240252D2AF2B94A00C63E4B /* AuthenticationService.swift in Sources */,
				D24025412AF65B3D00C63E4B /* UserProfileEditView.swift in Sources */,
				D24024FC2AF256F200C63E4B /* HealthRecordBookApp.swift in Sources */,
				D24025192AF266BD00C63E4B /* RegistrationView.swift in Sources */,
			);
			runOnlyForDeploymentPostprocessing = 0;
		};
/* End PBXSourcesBuildPhase section */

/* Begin XCBuildConfiguration section */
		D24025042AF256F400C63E4B /* Debug */ = {
			isa = XCBuildConfiguration;
			buildSettings = {
				ALWAYS_SEARCH_USER_PATHS = NO;
				CLANG_ANALYZER_NONNULL = YES;
				CLANG_ANALYZER_NUMBER_OBJECT_CONVERSION = YES_AGGRESSIVE;
				CLANG_CXX_LANGUAGE_STANDARD = "gnu++20";
				CLANG_ENABLE_MODULES = YES;
				CLANG_ENABLE_OBJC_ARC = YES;
				CLANG_ENABLE_OBJC_WEAK = YES;
				CLANG_WARN_BLOCK_CAPTURE_AUTORELEASING = YES;
				CLANG_WARN_BOOL_CONVERSION = YES;
				CLANG_WARN_COMMA = YES;
				CLANG_WARN_CONSTANT_CONVERSION = YES;
				CLANG_WARN_DEPRECATED_OBJC_IMPLEMENTATIONS = YES;
				CLANG_WARN_DIRECT_OBJC_ISA_USAGE = YES_ERROR;
				CLANG_WARN_DOCUMENTATION_COMMENTS = YES;
				CLANG_WARN_EMPTY_BODY = YES;
				CLANG_WARN_ENUM_CONVERSION = YES;
				CLANG_WARN_INFINITE_RECURSION = YES;
				CLANG_WARN_INT_CONVERSION = YES;
				CLANG_WARN_NON_LITERAL_NULL_CONVERSION = YES;
				CLANG_WARN_OBJC_IMPLICIT_RETAIN_SELF = YES;
				CLANG_WARN_OBJC_LITERAL_CONVERSION = YES;
				CLANG_WARN_OBJC_ROOT_CLASS = YES_ERROR;
				CLANG_WARN_QUOTED_INCLUDE_IN_FRAMEWORK_HEADER = YES;
				CLANG_WARN_RANGE_LOOP_ANALYSIS = YES;
				CLANG_WARN_STRICT_PROTOTYPES = YES;
				CLANG_WARN_SUSPICIOUS_MOVE = YES;
				CLANG_WARN_UNGUARDED_AVAILABILITY = YES_AGGRESSIVE;
				CLANG_WARN_UNREACHABLE_CODE = YES;
				CLANG_WARN__DUPLICATE_METHOD_MATCH = YES;
				COPY_PHASE_STRIP = NO;
				DEBUG_INFORMATION_FORMAT = dwarf;
				ENABLE_STRICT_OBJC_MSGSEND = YES;
				ENABLE_TESTABILITY = YES;
				GCC_C_LANGUAGE_STANDARD = gnu11;
				GCC_DYNAMIC_NO_PIC = NO;
				GCC_NO_COMMON_BLOCKS = YES;
				GCC_OPTIMIZATION_LEVEL = 0;
				GCC_PREPROCESSOR_DEFINITIONS = (
					"DEBUG=1",
					"$(inherited)",
				);
				GCC_WARN_64_TO_32_BIT_CONVERSION = YES;
				GCC_WARN_ABOUT_RETURN_TYPE = YES_ERROR;
				GCC_WARN_UNDECLARED_SELECTOR = YES;
				GCC_WARN_UNINITIALIZED_AUTOS = YES_AGGRESSIVE;
				GCC_WARN_UNUSED_FUNCTION = YES;
				GCC_WARN_UNUSED_VARIABLE = YES;
				IPHONEOS_DEPLOYMENT_TARGET = 16.2;
				MTL_ENABLE_DEBUG_INFO = INCLUDE_SOURCE;
				MTL_FAST_MATH = YES;
				ONLY_ACTIVE_ARCH = YES;
				SDKROOT = iphoneos;
				SWIFT_ACTIVE_COMPILATION_CONDITIONS = DEBUG;
				SWIFT_OPTIMIZATION_LEVEL = "-Onone";
			};
			name = Debug;
		};
		D24025052AF256F400C63E4B /* Release */ = {
			isa = XCBuildConfiguration;
			buildSettings = {
				ALWAYS_SEARCH_USER_PATHS = NO;
				CLANG_ANALYZER_NONNULL = YES;
				CLANG_ANALYZER_NUMBER_OBJECT_CONVERSION = YES_AGGRESSIVE;
				CLANG_CXX_LANGUAGE_STANDARD = "gnu++20";
				CLANG_ENABLE_MODULES = YES;
				CLANG_ENABLE_OBJC_ARC = YES;
				CLANG_ENABLE_OBJC_WEAK = YES;
				CLANG_WARN_BLOCK_CAPTURE_AUTORELEASING = YES;
				CLANG_WARN_BOOL_CONVERSION = YES;
				CLANG_WARN_COMMA = YES;
				CLANG_WARN_CONSTANT_CONVERSION = YES;
				CLANG_WARN_DEPRECATED_OBJC_IMPLEMENTATIONS = YES;
				CLANG_WARN_DIRECT_OBJC_ISA_USAGE = YES_ERROR;
				CLANG_WARN_DOCUMENTATION_COMMENTS = YES;
				CLANG_WARN_EMPTY_BODY = YES;
				CLANG_WARN_ENUM_CONVERSION = YES;
				CLANG_WARN_INFINITE_RECURSION = YES;
				CLANG_WARN_INT_CONVERSION = YES;
				CLANG_WARN_NON_LITERAL_NULL_CONVERSION = YES;
				CLANG_WARN_OBJC_IMPLICIT_RETAIN_SELF = YES;
				CLANG_WARN_OBJC_LITERAL_CONVERSION = YES;
				CLANG_WARN_OBJC_ROOT_CLASS = YES_ERROR;
				CLANG_WARN_QUOTED_INCLUDE_IN_FRAMEWORK_HEADER = YES;
				CLANG_WARN_RANGE_LOOP_ANALYSIS = YES;
				CLANG_WARN_STRICT_PROTOTYPES = YES;
				CLANG_WARN_SUSPICIOUS_MOVE = YES;
				CLANG_WARN_UNGUARDED_AVAILABILITY = YES_AGGRESSIVE;
				CLANG_WARN_UNREACHABLE_CODE = YES;
				CLANG_WARN__DUPLICATE_METHOD_MATCH = YES;
				COPY_PHASE_STRIP = NO;
				DEBUG_INFORMATION_FORMAT = "dwarf-with-dsym";
				ENABLE_NS_ASSERTIONS = NO;
				ENABLE_STRICT_OBJC_MSGSEND = YES;
				GCC_C_LANGUAGE_STANDARD = gnu11;
				GCC_NO_COMMON_BLOCKS = YES;
				GCC_WARN_64_TO_32_BIT_CONVERSION = YES;
				GCC_WARN_ABOUT_RETURN_TYPE = YES_ERROR;
				GCC_WARN_UNDECLARED_SELECTOR = YES;
				GCC_WARN_UNINITIALIZED_AUTOS = YES_AGGRESSIVE;
				GCC_WARN_UNUSED_FUNCTION = YES;
				GCC_WARN_UNUSED_VARIABLE = YES;
				IPHONEOS_DEPLOYMENT_TARGET = 16.2;
				MTL_ENABLE_DEBUG_INFO = NO;
				MTL_FAST_MATH = YES;
				SDKROOT = iphoneos;
				SWIFT_COMPILATION_MODE = wholemodule;
				SWIFT_OPTIMIZATION_LEVEL = "-O";
				VALIDATE_PRODUCT = YES;
			};
			name = Release;
		};
		D24025072AF256F400C63E4B /* Debug */ = {
			isa = XCBuildConfiguration;
			buildSettings = {
				ASSETCATALOG_COMPILER_APPICON_NAME = AppIcon;
				ASSETCATALOG_COMPILER_GLOBAL_ACCENT_COLOR_NAME = AccentColor;
				CODE_SIGN_STYLE = Automatic;
				CURRENT_PROJECT_VERSION = 1;
				DEVELOPMENT_ASSET_PATHS = "\"HealthRecordBook/Preview Content\"";
				ENABLE_PREVIEWS = YES;
				GENERATE_INFOPLIST_FILE = YES;
				INFOPLIST_KEY_UIApplicationSceneManifest_Generation = YES;
				INFOPLIST_KEY_UIApplicationSupportsIndirectInputEvents = YES;
				INFOPLIST_KEY_UILaunchScreen_Generation = YES;
				INFOPLIST_KEY_UISupportedInterfaceOrientations_iPad = "UIInterfaceOrientationPortrait UIInterfaceOrientationPortraitUpsideDown UIInterfaceOrientationLandscapeLeft UIInterfaceOrientationLandscapeRight";
				INFOPLIST_KEY_UISupportedInterfaceOrientations_iPhone = "UIInterfaceOrientationPortrait UIInterfaceOrientationLandscapeLeft UIInterfaceOrientationLandscapeRight";
				LD_RUNPATH_SEARCH_PATHS = (
					"$(inherited)",
					"@executable_path/Frameworks",
				);
				MARKETING_VERSION = 1.0;
				PRODUCT_BUNDLE_IDENTIFIER = "private-projects.HealthRecordBook";
				PRODUCT_NAME = "$(TARGET_NAME)";
				SWIFT_EMIT_LOC_STRINGS = YES;
				SWIFT_VERSION = 5.0;
				TARGETED_DEVICE_FAMILY = "1,2";
			};
			name = Debug;
		};
		D24025082AF256F400C63E4B /* Release */ = {
			isa = XCBuildConfiguration;
			buildSettings = {
				ASSETCATALOG_COMPILER_APPICON_NAME = AppIcon;
				ASSETCATALOG_COMPILER_GLOBAL_ACCENT_COLOR_NAME = AccentColor;
				CODE_SIGN_STYLE = Automatic;
				CURRENT_PROJECT_VERSION = 1;
				DEVELOPMENT_ASSET_PATHS = "\"HealthRecordBook/Preview Content\"";
				ENABLE_PREVIEWS = YES;
				GENERATE_INFOPLIST_FILE = YES;
				INFOPLIST_KEY_UIApplicationSceneManifest_Generation = YES;
				INFOPLIST_KEY_UIApplicationSupportsIndirectInputEvents = YES;
				INFOPLIST_KEY_UILaunchScreen_Generation = YES;
				INFOPLIST_KEY_UISupportedInterfaceOrientations_iPad = "UIInterfaceOrientationPortrait UIInterfaceOrientationPortraitUpsideDown UIInterfaceOrientationLandscapeLeft UIInterfaceOrientationLandscapeRight";
				INFOPLIST_KEY_UISupportedInterfaceOrientations_iPhone = "UIInterfaceOrientationPortrait UIInterfaceOrientationLandscapeLeft UIInterfaceOrientationLandscapeRight";
				LD_RUNPATH_SEARCH_PATHS = (
					"$(inherited)",
					"@executable_path/Frameworks",
				);
				MARKETING_VERSION = 1.0;
				PRODUCT_BUNDLE_IDENTIFIER = "private-projects.HealthRecordBook";
				PRODUCT_NAME = "$(TARGET_NAME)";
				SWIFT_EMIT_LOC_STRINGS = YES;
				SWIFT_VERSION = 5.0;
				TARGETED_DEVICE_FAMILY = "1,2";
			};
			name = Release;
		};
/* End XCBuildConfiguration section */

/* Begin XCConfigurationList section */
		D24024F32AF256F200C63E4B /* Build configuration list for PBXProject "HealthRecordBook" */ = {
			isa = XCConfigurationList;
			buildConfigurations = (
				D24025042AF256F400C63E4B /* Debug */,
				D24025052AF256F400C63E4B /* Release */,
			);
			defaultConfigurationIsVisible = 0;
			defaultConfigurationName = Release;
		};
		D24025062AF256F400C63E4B /* Build configuration list for PBXNativeTarget "HealthRecordBook" */ = {
			isa = XCConfigurationList;
			buildConfigurations = (
				D24025072AF256F400C63E4B /* Debug */,
				D24025082AF256F400C63E4B /* Release */,
			);
			defaultConfigurationIsVisible = 0;
			defaultConfigurationName = Release;
		};
/* End XCConfigurationList section */

/* Begin XCRemoteSwiftPackageReference section */
		D240250B2AF25A8900C63E4B /* XCRemoteSwiftPackageReference "firebase-ios-sdk" */ = {
			isa = XCRemoteSwiftPackageReference;
			repositoryURL = "https://github.com/firebase/firebase-ios-sdk.git";
			requirement = {
				kind = exactVersion;
				version = 10.4.0;
			};
		};
/* End XCRemoteSwiftPackageReference section */

/* Begin XCSwiftPackageProductDependency section */
		D240250C2AF25A8900C63E4B /* FirebaseAuth */ = {
			isa = XCSwiftPackageProductDependency;
			package = D240250B2AF25A8900C63E4B /* XCRemoteSwiftPackageReference "firebase-ios-sdk" */;
			productName = FirebaseAuth;
		};
		D240250E2AF25A8900C63E4B /* FirebaseFirestore */ = {
			isa = XCSwiftPackageProductDependency;
			package = D240250B2AF25A8900C63E4B /* XCRemoteSwiftPackageReference "firebase-ios-sdk" */;
			productName = FirebaseFirestore;
		};
		D24025242AF2B51700C63E4B /* FirebaseFirestoreSwift */ = {
			isa = XCSwiftPackageProductDependency;
			package = D240250B2AF25A8900C63E4B /* XCRemoteSwiftPackageReference "firebase-ios-sdk" */;
			productName = FirebaseFirestoreSwift;
		};
/* End XCSwiftPackageProductDependency section */
	};
	rootObject = D24024F02AF256F200C63E4B /* Project object */;
}
